
Microsoft Visual Studio Solution File, Format Version 12.00
Project("{FAE04EC0-301F-11D3-BF4B-00C04F79EFBC}") = "Practical-1", "Practical-1\Practical-1.csproj", "{EEF8E4FF-41E6-4957-946A-9DB70ADA6913}"
EndProject
Global
	GlobalSection(SolutionConfigurationPlatforms) = preSolution
		Debug|Any CPU = Debug|Any CPU
		Release|Any CPU = Release|Any CPU
	EndGlobalSection
	GlobalSection(ProjectConfigurationPlatforms) = postSolution
		{EEF8E4FF-41E6-4957-946A-9DB70ADA6913}.Debug|Any CPU.ActiveCfg = Debug|Any CPU
		{EEF8E4FF-41E6-4957-946A-9DB70ADA6913}.Debug|Any CPU.Build.0 = Debug|Any CPU
		{EEF8E4FF-41E6-4957-946A-9DB70ADA6913}.Release|Any CPU.ActiveCfg = Release|Any CPU
		{EEF8E4FF-41E6-4957-946A-9DB70ADA6913}.Release|Any CPU.Build.0 = Release|Any CPU
	EndGlobalSection
EndGlobal
