
Microsoft Visual Studio Solution File, Format Version 12.00
Project("{FAE04EC0-301F-11D3-BF4B-00C04F79EFBC}") = "DEV-10", "DEV-10\DEV-10\DEV-10.csproj", "{D2085C7A-B6D5-4520-9D6B-50F79EEF2DF9}"
EndProject
Project("{FAE04EC0-301F-11D3-BF4B-00C04F79EFBC}") = "DEV-10SeleniumTestFramework", "DEV-10\DEV-10SeleniumTestFramework\DEV-10SeleniumTestFramework.csproj", "{10546E47-543D-4C7C-AB62-5C2DB382E75C}"
EndProject
Project("{FAE04EC0-301F-11D3-BF4B-00C04F79EFBC}") = "DEV-1", "DEV-1\DEV-1.csproj", "{6E30063E-86FF-4B12-8119-E37E54A80719}"
EndProject
Project("{FAE04EC0-301F-11D3-BF4B-00C04F79EFBC}") = "DEV-2", "DEV-2\DEV-2.csproj", "{1757CEA1-3EC5-4C09-BE24-F3DACDA55755}"
EndProject
Project("{FAE04EC0-301F-11D3-BF4B-00C04F79EFBC}") = "DEV-3", "DEV-3\DEV-3.csproj", "{1E13DADA-B5D2-4D04-9672-FA2B127C382C}"
EndProject
Project("{FAE04EC0-301F-11D3-BF4B-00C04F79EFBC}") = "DEV-4", "DEV-4\DEV-4.csproj", "{D93AA8FC-AEC6-409A-9E72-7AD41A1CADBF}"
EndProject
Project("{FAE04EC0-301F-11D3-BF4B-00C04F79EFBC}") = "DEV-5", "DEV-5\DEV-5.csproj", "{96E95394-0237-4EB5-8F96-24F753C03398}"
EndProject
Project("{FAE04EC0-301F-11D3-BF4B-00C04F79EFBC}") = "DEV-6", "DEV-6\DEV-6.csproj", "{5EB49D0B-1C7A-40F4-8122-F168053F4C6C}"
EndProject
Project("{FAE04EC0-301F-11D3-BF4B-00C04F79EFBC}") = "DEV-7", "DEV-7\DEV-7.csproj", "{D29122EB-4D7A-4001-9764-7E39C1836F2F}"
EndProject
Project("{FAE04EC0-301F-11D3-BF4B-00C04F79EFBC}") = "DEV-8", "DEV-8\DEV-8.csproj", "{C33DFCF4-47CD-40F7-BE1D-9F04B80CC652}"
EndProject
Project("{FAE04EC0-301F-11D3-BF4B-00C04F79EFBC}") = "DEV-9", "DEV-9\DEV-9.csproj", "{C56B09DA-81CF-4787-BCEB-ED269F76370A}"
EndProject
Project("{FAE04EC0-301F-11D3-BF4B-00C04F79EFBC}") = "Practical-1", "Practical-1\Practical-1.csproj", "{EEF8E4FF-41E6-4957-946A-9DB70ADA6913}"
EndProject
Global
	GlobalSection(SolutionConfigurationPlatforms) = preSolution
		Debug|Any CPU = Debug|Any CPU
		Release|Any CPU = Release|Any CPU
	EndGlobalSection
	GlobalSection(ProjectConfigurationPlatforms) = postSolution
		{D2085C7A-B6D5-4520-9D6B-50F79EEF2DF9}.Debug|Any CPU.ActiveCfg = Debug|Any CPU
		{D2085C7A-B6D5-4520-9D6B-50F79EEF2DF9}.Debug|Any CPU.Build.0 = Debug|Any CPU
		{D2085C7A-B6D5-4520-9D6B-50F79EEF2DF9}.Release|Any CPU.ActiveCfg = Release|Any CPU
		{D2085C7A-B6D5-4520-9D6B-50F79EEF2DF9}.Release|Any CPU.Build.0 = Release|Any CPU
		{10546E47-543D-4C7C-AB62-5C2DB382E75C}.Debug|Any CPU.ActiveCfg = Debug|Any CPU
		{10546E47-543D-4C7C-AB62-5C2DB382E75C}.Debug|Any CPU.Build.0 = Debug|Any CPU
		{10546E47-543D-4C7C-AB62-5C2DB382E75C}.Release|Any CPU.ActiveCfg = Release|Any CPU
		{10546E47-543D-4C7C-AB62-5C2DB382E75C}.Release|Any CPU.Build.0 = Release|Any CPU
		{6E30063E-86FF-4B12-8119-E37E54A80719}.Debug|Any CPU.ActiveCfg = Debug|Any CPU
		{6E30063E-86FF-4B12-8119-E37E54A80719}.Debug|Any CPU.Build.0 = Debug|Any CPU
		{6E30063E-86FF-4B12-8119-E37E54A80719}.Release|Any CPU.ActiveCfg = Release|Any CPU
		{6E30063E-86FF-4B12-8119-E37E54A80719}.Release|Any CPU.Build.0 = Release|Any CPU
		{1757CEA1-3EC5-4C09-BE24-F3DACDA55755}.Debug|Any CPU.ActiveCfg = Debug|Any CPU
		{1757CEA1-3EC5-4C09-BE24-F3DACDA55755}.Debug|Any CPU.Build.0 = Debug|Any CPU
		{1757CEA1-3EC5-4C09-BE24-F3DACDA55755}.Release|Any CPU.ActiveCfg = Release|Any CPU
		{1757CEA1-3EC5-4C09-BE24-F3DACDA55755}.Release|Any CPU.Build.0 = Release|Any CPU
		{D93AA8FC-AEC6-409A-9E72-7AD41A1CADBF}.Debug|Any CPU.ActiveCfg = Debug|Any CPU
		{D93AA8FC-AEC6-409A-9E72-7AD41A1CADBF}.Debug|Any CPU.Build.0 = Debug|Any CPU
		{D93AA8FC-AEC6-409A-9E72-7AD41A1CADBF}.Release|Any CPU.ActiveCfg = Release|Any CPU
		{D93AA8FC-AEC6-409A-9E72-7AD41A1CADBF}.Release|Any CPU.Build.0 = Release|Any CPU
		{96E95394-0237-4EB5-8F96-24F753C03398}.Debug|Any CPU.ActiveCfg = Debug|Any CPU
		{96E95394-0237-4EB5-8F96-24F753C03398}.Debug|Any CPU.Build.0 = Debug|Any CPU
		{96E95394-0237-4EB5-8F96-24F753C03398}.Release|Any CPU.ActiveCfg = Release|Any CPU
		{96E95394-0237-4EB5-8F96-24F753C03398}.Release|Any CPU.Build.0 = Release|Any CPU
		{5EB49D0B-1C7A-40F4-8122-F168053F4C6C}.Debug|Any CPU.ActiveCfg = Debug|Any CPU
		{5EB49D0B-1C7A-40F4-8122-F168053F4C6C}.Debug|Any CPU.Build.0 = Debug|Any CPU
		{5EB49D0B-1C7A-40F4-8122-F168053F4C6C}.Release|Any CPU.ActiveCfg = Release|Any CPU
		{5EB49D0B-1C7A-40F4-8122-F168053F4C6C}.Release|Any CPU.Build.0 = Release|Any CPU
		{C33DFCF4-47CD-40F7-BE1D-9F04B80CC652}.Debug|Any CPU.ActiveCfg = Debug|Any CPU
		{C33DFCF4-47CD-40F7-BE1D-9F04B80CC652}.Debug|Any CPU.Build.0 = Debug|Any CPU
		{C33DFCF4-47CD-40F7-BE1D-9F04B80CC652}.Release|Any CPU.ActiveCfg = Release|Any CPU
		{C33DFCF4-47CD-40F7-BE1D-9F04B80CC652}.Release|Any CPU.Build.0 = Release|Any CPU
		{C56B09DA-81CF-4787-BCEB-ED269F76370A}.Debug|Any CPU.ActiveCfg = Debug|Any CPU
		{C56B09DA-81CF-4787-BCEB-ED269F76370A}.Debug|Any CPU.Build.0 = Debug|Any CPU
		{C56B09DA-81CF-4787-BCEB-ED269F76370A}.Release|Any CPU.ActiveCfg = Release|Any CPU
		{C56B09DA-81CF-4787-BCEB-ED269F76370A}.Release|Any CPU.Build.0 = Release|Any CPU
		{EEF8E4FF-41E6-4957-946A-9DB70ADA6913}.Debug|Any CPU.ActiveCfg = Debug|Any CPU
		{EEF8E4FF-41E6-4957-946A-9DB70ADA6913}.Debug|Any CPU.Build.0 = Debug|Any CPU
		{EEF8E4FF-41E6-4957-946A-9DB70ADA6913}.Release|Any CPU.ActiveCfg = Release|Any CPU
		{EEF8E4FF-41E6-4957-946A-9DB70ADA6913}.Release|Any CPU.Build.0 = Release|Any CPU
	EndGlobalSection
EndGlobal
